
Microsoft Visual Studio Solution File, Format Version 12.00
# Visual Studio Version 17
VisualStudioVersion = 17.12.35514.174
MinimumVisualStudioVersion = 10.0.40219.1
Project("{2150E333-8FDC-42A3-9474-1A3956D46DE8}") = "src", "src", "{A7248774-9D4E-4603-B253-AF9CD1CFAD43}"
EndProject
Project("{2150E333-8FDC-42A3-9474-1A3956D46DE8}") = "BuildingBlocks", "BuildingBlocks", "{E8406190-0C61-42C6-807B-91D5053FAD54}"
EndProject
Project("{2150E333-8FDC-42A3-9474-1A3956D46DE8}") = "Services", "Services", "{02A107B4-7CD3-4392-A3B4-4B1BF4022792}"
EndProject
Project("{2150E333-8FDC-42A3-9474-1A3956D46DE8}") = "ApiGateways", "ApiGateways", "{DE543015-6761-4E9F-8650-8D3947A6B31D}"
EndProject
Project("{2150E333-8FDC-42A3-9474-1A3956D46DE8}") = "HealthCheck", "HealthCheck", "{B31D363F-697F-4715-8BA7-0057CD753262}"
EndProject
Project("{2150E333-8FDC-42A3-9474-1A3956D46DE8}") = "Users", "Users", "{E1161ECA-E303-45D5-9A3F-ABA89645E584}"
EndProject
Project("{2150E333-8FDC-42A3-9474-1A3956D46DE8}") = "Orders", "Orders", "{DA272095-88FE-47EF-9131-2CCA636D74EA}"
EndProject
Project("{2150E333-8FDC-42A3-9474-1A3956D46DE8}") = "Payments", "Payments", "{4A86DFD8-190B-49F9-8BAA-B50BD4ED4CE1}"
EndProject
Project("{2150E333-8FDC-42A3-9474-1A3956D46DE8}") = "Notifications", "Notifications", "{AB2622C1-7886-4717-81E7-79CC287A3E86}"
EndProject
Project("{2150E333-8FDC-42A3-9474-1A3956D46DE8}") = "Inventories", "Inventories", "{381C67F4-31F5-4C80-BC1A-6BB8488F077F}"
EndProject
Project("{FAE04EC0-301F-11D3-BF4B-00C04F79EFBC}") = "ECommerce.Infrastructure", "ECommerce.Infrastructure\ECommerce.Infrastructure.csproj", "{95EB2F37-A839-475F-9FE1-B0C12A057F86}"
EndProject
Project("{2150E333-8FDC-42A3-9474-1A3956D46DE8}") = "Catalogs", "Catalogs", "{2A0DADF1-FFF3-4543-9861-0A6B64CF4EB9}"
EndProject
Project("{FAE04EC0-301F-11D3-BF4B-00C04F79EFBC}") = "ECommerce.Catalog.Api", "ECommerce.Catalog.Api\ECommerce.Catalog.Api.csproj", "{45C6CA15-C86F-4E33-97C8-EE3633F1F6CE}"
EndProject
Project("{FAE04EC0-301F-11D3-BF4B-00C04F79EFBC}") = "ECommerce.Catalog.Domain", "ECommerce.Catalog.Domain\ECommerce.Catalog.Domain.csproj", "{CEC0E3C5-7E16-4868-A400-5892F8CD3E68}"
EndProject
Project("{FAE04EC0-301F-11D3-BF4B-00C04F79EFBC}") = "ECommerce.Catalog.Infrastructure", "ECommerce.Catalog.Infrastructure\ECommerce.Catalog.Infrastructure.csproj", "{D89F85F1-BBA2-4017-ABF9-5DA92EA91A8F}"
EndProject
Project("{FAE04EC0-301F-11D3-BF4B-00C04F79EFBC}") = "ECommerce.Users.Domain", "ECommerce.Users.Domain\ECommerce.Users.Domain.csproj", "{2F07A447-0E77-4796-B50B-25E942AACBCE}"
EndProject
Project("{FAE04EC0-301F-11D3-BF4B-00C04F79EFBC}") = "ECommerce.Users.Infrastructure", "ECommerce.Users.Infrastructure\ECommerce.Users.Infrastructure.csproj", "{053E51E6-4EC1-45FE-8182-725C8D88FFE8}"
EndProject
Project("{FAE04EC0-301F-11D3-BF4B-00C04F79EFBC}") = "ECommerce.Users.Api", "ECommerce.Users.Api\ECommerce.Users.Api.csproj", "{75E10876-3302-4F07-B6FF-B8A3A68ADADC}"
EndProject
Global
	GlobalSection(SolutionConfigurationPlatforms) = preSolution
		Debug|Any CPU = Debug|Any CPU
		Release|Any CPU = Release|Any CPU
	EndGlobalSection
	GlobalSection(ProjectConfigurationPlatforms) = postSolution
		{95EB2F37-A839-475F-9FE1-B0C12A057F86}.Debug|Any CPU.ActiveCfg = Debug|Any CPU
		{95EB2F37-A839-475F-9FE1-B0C12A057F86}.Debug|Any CPU.Build.0 = Debug|Any CPU
		{95EB2F37-A839-475F-9FE1-B0C12A057F86}.Release|Any CPU.ActiveCfg = Release|Any CPU
		{95EB2F37-A839-475F-9FE1-B0C12A057F86}.Release|Any CPU.Build.0 = Release|Any CPU
		{45C6CA15-C86F-4E33-97C8-EE3633F1F6CE}.Debug|Any CPU.ActiveCfg = Debug|Any CPU
		{45C6CA15-C86F-4E33-97C8-EE3633F1F6CE}.Debug|Any CPU.Build.0 = Debug|Any CPU
		{45C6CA15-C86F-4E33-97C8-EE3633F1F6CE}.Release|Any CPU.ActiveCfg = Release|Any CPU
		{45C6CA15-C86F-4E33-97C8-EE3633F1F6CE}.Release|Any CPU.Build.0 = Release|Any CPU
		{CEC0E3C5-7E16-4868-A400-5892F8CD3E68}.Debug|Any CPU.ActiveCfg = Debug|Any CPU
		{CEC0E3C5-7E16-4868-A400-5892F8CD3E68}.Debug|Any CPU.Build.0 = Debug|Any CPU
		{CEC0E3C5-7E16-4868-A400-5892F8CD3E68}.Release|Any CPU.ActiveCfg = Release|Any CPU
		{CEC0E3C5-7E16-4868-A400-5892F8CD3E68}.Release|Any CPU.Build.0 = Release|Any CPU
		{D89F85F1-BBA2-4017-ABF9-5DA92EA91A8F}.Debug|Any CPU.ActiveCfg = Debug|Any CPU
		{D89F85F1-BBA2-4017-ABF9-5DA92EA91A8F}.Debug|Any CPU.Build.0 = Debug|Any CPU
		{D89F85F1-BBA2-4017-ABF9-5DA92EA91A8F}.Release|Any CPU.ActiveCfg = Release|Any CPU
		{D89F85F1-BBA2-4017-ABF9-5DA92EA91A8F}.Release|Any CPU.Build.0 = Release|Any CPU
		{2F07A447-0E77-4796-B50B-25E942AACBCE}.Debug|Any CPU.ActiveCfg = Debug|Any CPU
		{2F07A447-0E77-4796-B50B-25E942AACBCE}.Debug|Any CPU.Build.0 = Debug|Any CPU
		{2F07A447-0E77-4796-B50B-25E942AACBCE}.Release|Any CPU.ActiveCfg = Release|Any CPU
		{2F07A447-0E77-4796-B50B-25E942AACBCE}.Release|Any CPU.Build.0 = Release|Any CPU
		{053E51E6-4EC1-45FE-8182-725C8D88FFE8}.Debug|Any CPU.ActiveCfg = Debug|Any CPU
		{053E51E6-4EC1-45FE-8182-725C8D88FFE8}.Debug|Any CPU.Build.0 = Debug|Any CPU
		{053E51E6-4EC1-45FE-8182-725C8D88FFE8}.Release|Any CPU.ActiveCfg = Release|Any CPU
		{053E51E6-4EC1-45FE-8182-725C8D88FFE8}.Release|Any CPU.Build.0 = Release|Any CPU
		{75E10876-3302-4F07-B6FF-B8A3A68ADADC}.Debug|Any CPU.ActiveCfg = Debug|Any CPU
		{75E10876-3302-4F07-B6FF-B8A3A68ADADC}.Debug|Any CPU.Build.0 = Debug|Any CPU
		{75E10876-3302-4F07-B6FF-B8A3A68ADADC}.Release|Any CPU.ActiveCfg = Release|Any CPU
		{75E10876-3302-4F07-B6FF-B8A3A68ADADC}.Release|Any CPU.Build.0 = Release|Any CPU
	EndGlobalSection
	GlobalSection(SolutionProperties) = preSolution
		HideSolutionNode = FALSE
	EndGlobalSection
	GlobalSection(NestedProjects) = preSolution
		{E8406190-0C61-42C6-807B-91D5053FAD54} = {A7248774-9D4E-4603-B253-AF9CD1CFAD43}
		{02A107B4-7CD3-4392-A3B4-4B1BF4022792} = {A7248774-9D4E-4603-B253-AF9CD1CFAD43}
		{DE543015-6761-4E9F-8650-8D3947A6B31D} = {A7248774-9D4E-4603-B253-AF9CD1CFAD43}
		{B31D363F-697F-4715-8BA7-0057CD753262} = {A7248774-9D4E-4603-B253-AF9CD1CFAD43}
		{E1161ECA-E303-45D5-9A3F-ABA89645E584} = {02A107B4-7CD3-4392-A3B4-4B1BF4022792}
		{DA272095-88FE-47EF-9131-2CCA636D74EA} = {02A107B4-7CD3-4392-A3B4-4B1BF4022792}
		{4A86DFD8-190B-49F9-8BAA-B50BD4ED4CE1} = {02A107B4-7CD3-4392-A3B4-4B1BF4022792}
		{AB2622C1-7886-4717-81E7-79CC287A3E86} = {02A107B4-7CD3-4392-A3B4-4B1BF4022792}
		{381C67F4-31F5-4C80-BC1A-6BB8488F077F} = {02A107B4-7CD3-4392-A3B4-4B1BF4022792}
		{95EB2F37-A839-475F-9FE1-B0C12A057F86} = {E8406190-0C61-42C6-807B-91D5053FAD54}
		{2A0DADF1-FFF3-4543-9861-0A6B64CF4EB9} = {02A107B4-7CD3-4392-A3B4-4B1BF4022792}
		{45C6CA15-C86F-4E33-97C8-EE3633F1F6CE} = {2A0DADF1-FFF3-4543-9861-0A6B64CF4EB9}
		{CEC0E3C5-7E16-4868-A400-5892F8CD3E68} = {2A0DADF1-FFF3-4543-9861-0A6B64CF4EB9}
		{D89F85F1-BBA2-4017-ABF9-5DA92EA91A8F} = {2A0DADF1-FFF3-4543-9861-0A6B64CF4EB9}
		{2F07A447-0E77-4796-B50B-25E942AACBCE} = {E1161ECA-E303-45D5-9A3F-ABA89645E584}
		{053E51E6-4EC1-45FE-8182-725C8D88FFE8} = {E1161ECA-E303-45D5-9A3F-ABA89645E584}
		{75E10876-3302-4F07-B6FF-B8A3A68ADADC} = {E1161ECA-E303-45D5-9A3F-ABA89645E584}
	EndGlobalSection
	GlobalSection(ExtensibilityGlobals) = postSolution
		SolutionGuid = {489CD997-AB82-493D-B290-A762326F622B}
	EndGlobalSection
EndGlobal
