
Microsoft Visual Studio Solution File, Format Version 12.00
# Visual Studio Version 17
VisualStudioVersion = 17.12.35514.174
MinimumVisualStudioVersion = 10.0.40219.1
Project("{2150E333-8FDC-42A3-9474-1A3956D46DE8}") = "src", "src", "{A7248774-9D4E-4603-B253-AF9CD1CFAD43}"
EndProject
Project("{2150E333-8FDC-42A3-9474-1A3956D46DE8}") = "BuildingBlocks", "BuildingBlocks", "{E8406190-0C61-42C6-807B-91D5053FAD54}"
EndProject
Project("{2150E333-8FDC-42A3-9474-1A3956D46DE8}") = "Services", "Services", "{02A107B4-7CD3-4392-A3B4-4B1BF4022792}"
EndProject
Project("{2150E333-8FDC-42A3-9474-1A3956D46DE8}") = "ApiGateways", "ApiGateways", "{DE543015-6761-4E9F-8650-8D3947A6B31D}"
EndProject
Project("{2150E333-8FDC-42A3-9474-1A3956D46DE8}") = "HealthCheck", "HealthCheck", "{B31D363F-697F-4715-8BA7-0057CD753262}"
EndProject
Project("{2150E333-8FDC-42A3-9474-1A3956D46DE8}") = "Users", "Users", "{E1161ECA-E303-45D5-9A3F-ABA89645E584}"
EndProject
Project("{2150E333-8FDC-42A3-9474-1A3956D46DE8}") = "Products", "Products", "{0DF522FB-4968-48EE-89BF-8CF30106FE4C}"
EndProject
Project("{2150E333-8FDC-42A3-9474-1A3956D46DE8}") = "Orders", "Orders", "{DA272095-88FE-47EF-9131-2CCA636D74EA}"
EndProject
Project("{2150E333-8FDC-42A3-9474-1A3956D46DE8}") = "Payments", "Payments", "{4A86DFD8-190B-49F9-8BAA-B50BD4ED4CE1}"
EndProject
Project("{2150E333-8FDC-42A3-9474-1A3956D46DE8}") = "Notifications", "Notifications", "{AB2622C1-7886-4717-81E7-79CC287A3E86}"
EndProject
Project("{2150E333-8FDC-42A3-9474-1A3956D46DE8}") = "Inventories", "Inventories", "{381C67F4-31F5-4C80-BC1A-6BB8488F077F}"
EndProject
Project("{FAE04EC0-301F-11D3-BF4B-00C04F79EFBC}") = "ECommerce.Products.Api", "ECommerce.Products.Api\ECommerce.Products.Api.csproj", "{3FF47E7F-212B-4898-88D0-6E755FD2F35C}"
EndProject
Project("{FAE04EC0-301F-11D3-BF4B-00C04F79EFBC}") = "Ecommerce.Products.Domain", "Ecommerce.Products.Domain\Ecommerce.Products.Domain.csproj", "{EFB7A287-6D04-45EC-9612-70194E47D747}"
EndProject
Project("{FAE04EC0-301F-11D3-BF4B-00C04F79EFBC}") = "Ecommerce.Products.Infrastructure", "Ecommerce.Products.Infrastructure\Ecommerce.Products.Infrastructure.csproj", "{08E0117B-3642-4A47-B69C-B3582479CC0C}"
EndProject
Project("{FAE04EC0-301F-11D3-BF4B-00C04F79EFBC}") = "ECommerce.Infrastructure", "ECommerce.Infrastructure\ECommerce.Infrastructure.csproj", "{95EB2F37-A839-475F-9FE1-B0C12A057F86}"
EndProject
Project("{2150E333-8FDC-42A3-9474-1A3956D46DE8}") = "Companies", "Companies", "{10625327-71C9-4A18-B21C-A6EF188FA182}"
EndProject
Project("{FAE04EC0-301F-11D3-BF4B-00C04F79EFBC}") = "Ecommerce.Companies.Domain", "Ecommerce.Companies.Domain\Ecommerce.Companies.Domain.csproj", "{FEE93EBF-8F49-491C-8F8C-4A541403F192}"
EndProject
Project("{FAE04EC0-301F-11D3-BF4B-00C04F79EFBC}") = "ECommerce.Companies.Infrastructure", "ECommerce.Companies.Infrastructure\ECommerce.Companies.Infrastructure.csproj", "{B9E8AA6C-5F33-4E8E-A82B-4026BA216AD3}"
EndProject
Project("{FAE04EC0-301F-11D3-BF4B-00C04F79EFBC}") = "ECommerce.Companies.Api", "ECommerce.Companies.Api\ECommerce.Companies.Api.csproj", "{7A2C34D3-8D38-43A2-8E54-FC6A896745F5}"
EndProject
Global
	GlobalSection(SolutionConfigurationPlatforms) = preSolution
		Debug|Any CPU = Debug|Any CPU
		Release|Any CPU = Release|Any CPU
	EndGlobalSection
	GlobalSection(ProjectConfigurationPlatforms) = postSolution
		{3FF47E7F-212B-4898-88D0-6E755FD2F35C}.Debug|Any CPU.ActiveCfg = Debug|Any CPU
		{3FF47E7F-212B-4898-88D0-6E755FD2F35C}.Debug|Any CPU.Build.0 = Debug|Any CPU
		{3FF47E7F-212B-4898-88D0-6E755FD2F35C}.Release|Any CPU.ActiveCfg = Release|Any CPU
		{3FF47E7F-212B-4898-88D0-6E755FD2F35C}.Release|Any CPU.Build.0 = Release|Any CPU
		{EFB7A287-6D04-45EC-9612-70194E47D747}.Debug|Any CPU.ActiveCfg = Debug|Any CPU
		{EFB7A287-6D04-45EC-9612-70194E47D747}.Debug|Any CPU.Build.0 = Debug|Any CPU
		{EFB7A287-6D04-45EC-9612-70194E47D747}.Release|Any CPU.ActiveCfg = Release|Any CPU
		{EFB7A287-6D04-45EC-9612-70194E47D747}.Release|Any CPU.Build.0 = Release|Any CPU
		{08E0117B-3642-4A47-B69C-B3582479CC0C}.Debug|Any CPU.ActiveCfg = Debug|Any CPU
		{08E0117B-3642-4A47-B69C-B3582479CC0C}.Debug|Any CPU.Build.0 = Debug|Any CPU
		{08E0117B-3642-4A47-B69C-B3582479CC0C}.Release|Any CPU.ActiveCfg = Release|Any CPU
		{08E0117B-3642-4A47-B69C-B3582479CC0C}.Release|Any CPU.Build.0 = Release|Any CPU
		{95EB2F37-A839-475F-9FE1-B0C12A057F86}.Debug|Any CPU.ActiveCfg = Debug|Any CPU
		{95EB2F37-A839-475F-9FE1-B0C12A057F86}.Debug|Any CPU.Build.0 = Debug|Any CPU
		{95EB2F37-A839-475F-9FE1-B0C12A057F86}.Release|Any CPU.ActiveCfg = Release|Any CPU
		{95EB2F37-A839-475F-9FE1-B0C12A057F86}.Release|Any CPU.Build.0 = Release|Any CPU
		{FEE93EBF-8F49-491C-8F8C-4A541403F192}.Debug|Any CPU.ActiveCfg = Debug|Any CPU
		{FEE93EBF-8F49-491C-8F8C-4A541403F192}.Debug|Any CPU.Build.0 = Debug|Any CPU
		{FEE93EBF-8F49-491C-8F8C-4A541403F192}.Release|Any CPU.ActiveCfg = Release|Any CPU
		{FEE93EBF-8F49-491C-8F8C-4A541403F192}.Release|Any CPU.Build.0 = Release|Any CPU
		{B9E8AA6C-5F33-4E8E-A82B-4026BA216AD3}.Debug|Any CPU.ActiveCfg = Debug|Any CPU
		{B9E8AA6C-5F33-4E8E-A82B-4026BA216AD3}.Debug|Any CPU.Build.0 = Debug|Any CPU
		{B9E8AA6C-5F33-4E8E-A82B-4026BA216AD3}.Release|Any CPU.ActiveCfg = Release|Any CPU
		{B9E8AA6C-5F33-4E8E-A82B-4026BA216AD3}.Release|Any CPU.Build.0 = Release|Any CPU
		{7A2C34D3-8D38-43A2-8E54-FC6A896745F5}.Debug|Any CPU.ActiveCfg = Debug|Any CPU
		{7A2C34D3-8D38-43A2-8E54-FC6A896745F5}.Debug|Any CPU.Build.0 = Debug|Any CPU
		{7A2C34D3-8D38-43A2-8E54-FC6A896745F5}.Release|Any CPU.ActiveCfg = Release|Any CPU
		{7A2C34D3-8D38-43A2-8E54-FC6A896745F5}.Release|Any CPU.Build.0 = Release|Any CPU
	EndGlobalSection
	GlobalSection(SolutionProperties) = preSolution
		HideSolutionNode = FALSE
	EndGlobalSection
	GlobalSection(NestedProjects) = preSolution
		{E8406190-0C61-42C6-807B-91D5053FAD54} = {A7248774-9D4E-4603-B253-AF9CD1CFAD43}
		{02A107B4-7CD3-4392-A3B4-4B1BF4022792} = {A7248774-9D4E-4603-B253-AF9CD1CFAD43}
		{DE543015-6761-4E9F-8650-8D3947A6B31D} = {A7248774-9D4E-4603-B253-AF9CD1CFAD43}
		{B31D363F-697F-4715-8BA7-0057CD753262} = {A7248774-9D4E-4603-B253-AF9CD1CFAD43}
		{E1161ECA-E303-45D5-9A3F-ABA89645E584} = {02A107B4-7CD3-4392-A3B4-4B1BF4022792}
		{0DF522FB-4968-48EE-89BF-8CF30106FE4C} = {02A107B4-7CD3-4392-A3B4-4B1BF4022792}
		{DA272095-88FE-47EF-9131-2CCA636D74EA} = {02A107B4-7CD3-4392-A3B4-4B1BF4022792}
		{4A86DFD8-190B-49F9-8BAA-B50BD4ED4CE1} = {02A107B4-7CD3-4392-A3B4-4B1BF4022792}
		{AB2622C1-7886-4717-81E7-79CC287A3E86} = {02A107B4-7CD3-4392-A3B4-4B1BF4022792}
		{381C67F4-31F5-4C80-BC1A-6BB8488F077F} = {02A107B4-7CD3-4392-A3B4-4B1BF4022792}
		{3FF47E7F-212B-4898-88D0-6E755FD2F35C} = {0DF522FB-4968-48EE-89BF-8CF30106FE4C}
		{EFB7A287-6D04-45EC-9612-70194E47D747} = {0DF522FB-4968-48EE-89BF-8CF30106FE4C}
		{08E0117B-3642-4A47-B69C-B3582479CC0C} = {0DF522FB-4968-48EE-89BF-8CF30106FE4C}
		{95EB2F37-A839-475F-9FE1-B0C12A057F86} = {E8406190-0C61-42C6-807B-91D5053FAD54}
		{10625327-71C9-4A18-B21C-A6EF188FA182} = {02A107B4-7CD3-4392-A3B4-4B1BF4022792}
		{FEE93EBF-8F49-491C-8F8C-4A541403F192} = {10625327-71C9-4A18-B21C-A6EF188FA182}
		{B9E8AA6C-5F33-4E8E-A82B-4026BA216AD3} = {10625327-71C9-4A18-B21C-A6EF188FA182}
		{7A2C34D3-8D38-43A2-8E54-FC6A896745F5} = {10625327-71C9-4A18-B21C-A6EF188FA182}
	EndGlobalSection
EndGlobal
